{
    "_meta": {
        "hash": {
            "sha256": "01a80012caed3679be83a7954280dfc631ab3b5654da69b0ef66f9c07b3ef8cf"
        },
        "pipfile-spec": 6,
        "requires": {
            "python_version": "3.13"
        },
        "sources": [
            {
                "name": "pypi",
                "url": "https://pypi.org/simple",
                "verify_ssl": true
            }
        ]
    },
    "default": {
        "aiofile": {
            "hashes": [
                "sha256:ce2f6c1571538cbdfa0143b04e16b208ecb0e9cb4148e528af8a640ed51cc8aa",
                "sha256:e5ad718bb148b265b6df1b3752c4d1d83024b93da9bd599df74b9d9ffcf7919b"
            ],
            "index": "pypi",
            "markers": "python_version >= '3.8' and python_version < '4'",
            "version": "==3.9.0"
        },
        "aiopath": {
            "hashes": [
                "sha256:ad4b9d09ae08ddf6d39dd06e7b0a353939e89528da571c0cd4f3fe071aefad4f",
                "sha256:cd5d18de8ede167e1db659f02ee448fe085f923cb8e194407ccc568bffc4fe4e"
            ],
            "index": "pypi",
            "markers": "python_version >= '3.12'",
            "version": "==0.7.7"
        },
        "aioshutil": {
            "hashes": [
                "sha256:2756d6cd3bb03405dc7348ac11a0b60eb949ebd63cdd15f56e922410231c1201",
                "sha256:bc2a6cdcf1a8615b62f856154fd81131031d03f2834912ebb06d8a2391253652"
            ],
            "index": "pypi",
            "markers": "python_version >= '3.8'",
            "version": "==1.5"
        },
        "anyio": {
            "hashes": [
                "sha256:0287e96f4d26d4149305414d4e3bc32f0dcd0862365a4bddea19d7a1ec38c4fc",
                "sha256:82a8d0b81e318cc5ce71a5f1f8b5c4e63619620b63141ef8c995fa0db95a57c4"
            ],
            "markers": "python_version >= '3.9'",
            "version": "==4.11.0"
        },
        "caio": {
            "hashes": [
                "sha256:08304fa80af7771c78a5bcc923449c7ec8134d589b50d48c66320f85552c7ae2",
                "sha256:1d47ef8d76aca74c17cb07339a441c5530fc4b8dd9222dfb1e1abd7f9f9b814f",
                "sha256:37bc172349686139e8dc97fff7662c67b1837e18a67b99e8ef25585f2893d013",
                "sha256:3b4dc0a8fb9a58ab40f967ad5a8a858cc0bfb2348a580b4142595849457f9c9a",
                "sha256:3f0e5a645ef4e7bb7a81e10ae2a7aef14988cb2cb4354588c6bf6f6f3f6de72a",
                "sha256:5339ced0764e10242a50ccb21db7f0d9c359881db0f72fa2c5e45ed828ffacf7",
                "sha256:5bcdecaea02a9aa8e3acf0364eff8ad9903d57d70cdb274a42270126290a77f1",
                "sha256:7ae3566228383175265a7583107f21a7cb044a752ea29ba84fce7c1a49a05903",
                "sha256:8ee158e56128d865fb7d57a9c9c22fca4e8aa8d8664859c977a36fff3ccb3609",
                "sha256:925b9e3748ce1a79386dfb921c0aee450e43225534551abd1398b1c08f9ba29f",
                "sha256:9368eae0a9badd5f31264896c51b47431d96c0d46f1979018fb1d20c49f56156",
                "sha256:a306b0dda91cb4ca3170f066c114597f8ea41b3da578574a9d2b54f86963de68",
                "sha256:ad7f0902bf952237e120606252c14ab3cb05995c9f79f39154b5248744864832",
                "sha256:d15fc746c4bf0077d75df05939d1e97c07ccaa8e580681a77021d6929f65d9f4",
                "sha256:d80322126a97ba572412b17b2f086ff95195de2c4261deb19db6bfcdc9ef7540",
                "sha256:fa74d111b3b165bfad2e333367976bdf118bcf505a1cb44d3bcddea2849e3297"
            ],
            "markers": "python_version >= '3.9'",
            "version": "==0.9.24"
        },
        "idna": {
            "hashes": [
                "sha256:12f65c9b470abda6dc35cf8e63cc574b1c52b11df2c86030af0ac09b01b13ea9",
                "sha256:946d195a0d259cbba61165e88e65941f16e9b36ea6ddb97f00452bae8b1287d3"
            ],
            "markers": "python_version >= '3.6'",
            "version": "==3.10"
        },
        "sniffio": {
            "hashes": [
                "sha256:2f6da418d1f1e0fddd844478f41680e794e6051915791a034ff65e5f100525a2",
                "sha256:f4324edc670a0f49750a81b895f35c3adb843cca46f0530f79fc1babb23789dc"
            ],
            "markers": "python_version >= '3.7'",
            "version": "==1.3.1"
        }
    },
    "develop": {}
}
